
Microsoft Visual Studio Solution File, Format Version 12.00
# Visual Studio Version 16
VisualStudioVersion = 16.0.30011.22
MinimumVisualStudioVersion = 10.0.40219.1
Project("{FAE04EC0-301F-11D3-BF4B-00C04F79EFBC}") = "qnomyex1", "qnomyex1.csproj", "{DF51986F-4E18-495E-BA9D-10D5A5AEE6A8}"
EndProject
Global
	GlobalSection(SolutionConfigurationPlatforms) = preSolution
		Debug|Any CPU = Debug|Any CPU
		Release|Any CPU = Release|Any CPU
	EndGlobalSection
	GlobalSection(ProjectConfigurationPlatforms) = postSolution
		{DF51986F-4E18-495E-BA9D-10D5A5AEE6A8}.Debug|Any CPU.ActiveCfg = Debug|Any CPU
		{DF51986F-4E18-495E-BA9D-10D5A5AEE6A8}.Debug|Any CPU.Build.0 = Debug|Any CPU
		{DF51986F-4E18-495E-BA9D-10D5A5AEE6A8}.Release|Any CPU.ActiveCfg = Release|Any CPU
		{DF51986F-4E18-495E-BA9D-10D5A5AEE6A8}.Release|Any CPU.Build.0 = Release|Any CPU
	EndGlobalSection
	GlobalSection(SolutionProperties) = preSolution
		HideSolutionNode = FALSE
	EndGlobalSection
	GlobalSection(ExtensibilityGlobals) = postSolution
		SolutionGuid = {5A894BB5-5BEC-4BD0-B908-3B172451EE95}
	EndGlobalSection
EndGlobal
